
Microsoft Visual Studio Solution File, Format Version 12.00
# Visual Studio Version 17
VisualStudioVersion = 17.13.35931.197 d17.13
MinimumVisualStudioVersion = 10.0.40219.1
Project("{FAE04EC0-301F-11D3-BF4B-00C04F79EFBC}") = "ProjektPO", "ProjektPO.csproj", "{A8D9BB0E-83F1-4A33-B657-5FC02A5D43B5}"
EndProject
Project("{FAE04EC0-301F-11D3-BF4B-00C04F79EFBC}") = "Assets", "..\Assets\Assets.csproj", "{FB7882A1-08ED-44B5-B046-823AF1181ABC}"
EndProject
Global
	GlobalSection(SolutionConfigurationPlatforms) = preSolution
		Debug|Any CPU = Debug|Any CPU
		Release|Any CPU = Release|Any CPU
	EndGlobalSection
	GlobalSection(ProjectConfigurationPlatforms) = postSolution
		{A8D9BB0E-83F1-4A33-B657-5FC02A5D43B5}.Debug|Any CPU.ActiveCfg = Debug|Any CPU
		{A8D9BB0E-83F1-4A33-B657-5FC02A5D43B5}.Debug|Any CPU.Build.0 = Debug|Any CPU
		{A8D9BB0E-83F1-4A33-B657-5FC02A5D43B5}.Release|Any CPU.ActiveCfg = Release|Any CPU
		{A8D9BB0E-83F1-4A33-B657-5FC02A5D43B5}.Release|Any CPU.Build.0 = Release|Any CPU
		{FB7882A1-08ED-44B5-B046-823AF1181ABC}.Debug|Any CPU.ActiveCfg = Debug|Any CPU
		{FB7882A1-08ED-44B5-B046-823AF1181ABC}.Debug|Any CPU.Build.0 = Debug|Any CPU
		{FB7882A1-08ED-44B5-B046-823AF1181ABC}.Release|Any CPU.ActiveCfg = Release|Any CPU
		{FB7882A1-08ED-44B5-B046-823AF1181ABC}.Release|Any CPU.Build.0 = Release|Any CPU
	EndGlobalSection
	GlobalSection(SolutionProperties) = preSolution
		HideSolutionNode = FALSE
	EndGlobalSection
	GlobalSection(ExtensibilityGlobals) = postSolution
		SolutionGuid = {82B2471D-6694-45AD-98CB-61B5530BB3B6}
	EndGlobalSection
EndGlobal
